<?xml version="1.0" encoding="utf-8"?>
<Project ToolsVersion="4.0" xmlns="http://schemas.microsoft.com/developer/msbuild/2003">
  <ItemGroup>
    <Filter Include="main">
      <UniqueIdentifier>{53339723-ab6d-4c80-9584-5a3148405878}</UniqueIdentifier>
    </Filter>
    <Filter Include="sex.h">
      <UniqueIdentifier>{3f8607c1-6e34-4038-ab2a-8f4f21fb0cfe}</UniqueIdentifier>
    </Filter>
    <Filter Include="font">
      <UniqueIdentifier>{5f39d3ae-1ca4-48e9-84e7-582264af65f8}</UniqueIdentifier>
    </Filter>
    <Filter Include="ImGui">
      <UniqueIdentifier>{a3410be5-98c5-4ffe-abb8-1a9d6f66d0b6}</UniqueIdentifier>
    </Filter>
  </ItemGroup>
  <ItemGroup>
    <ClCompile Include="main.cpp">
      <Filter>main</Filter>
    </ClCompile>
    <ClCompile Include="ImGui\imgui.cpp">
      <Filter>ImGui</Filter>
    </ClCompile>
    <ClCompile Include="ImGui\imgui_demo.cpp">
      <Filter>ImGui</Filter>
    </ClCompile>
    <ClCompile Include="ImGui\imgui_draw.cpp">
      <Filter>ImGui</Filter>
    </ClCompile>
    <ClCompile Include="ImGui\imgui_impl_dx9.cpp">
      <Filter>ImGui</Filter>
    </ClCompile>
    <ClCompile Include="ImGui\imgui_impl_win32.cpp">
      <Filter>ImGui</Filter>
    </ClCompile>
    <ClCompile Include="ImGui\imgui_widgets.cpp">
      <Filter>ImGui</Filter>
    </ClCompile>
  </ItemGroup>
  <ItemGroup>
    <ClInclude Include="include.h">
      <Filter>sex.h</Filter>
    </ClInclude>
    <ClInclude Include="driver.h">
      <Filter>sex.h</Filter>
    </ClInclude>
    <ClInclude Include="check.h">
      <Filter>sex.h</Filter>
    </ClInclude>
    <ClInclude Include="Func.h">
      <Filter>sex.h</Filter>
    </ClInclude>
    <ClInclude Include="xor.h">
      <Filter>sex.h</Filter>
    </ClInclude>
    <ClInclude Include="rawdata.h">
      <Filter>sex.h</Filter>
    </ClInclude>
    <ClInclude Include="main.h">
      <Filter>main</Filter>
    </ClInclude>
    <ClInclude Include="cheats.h">
      <Filter>sex.h</Filter>
    </ClInclude>
    <ClInclude Include="fonthelper.h">
      <Filter>sex.h</Filter>
    </ClInclude>
    <ClInclude Include="icons.h">
      <Filter>sex.h</Filter>
    </ClInclude>
    <ClInclude Include="skStr.h">
      <Filter>sex.h</Filter>
    </ClInclude>
    <ClInclude Include="theme.h">
      <Filter>sex.h</Filter>
    </ClInclude>
    <ClInclude Include="ImGui\imconfig.h">
      <Filter>ImGui</Filter>
    </ClInclude>
    <ClInclude Include="ImGui\imgui.h">
      <Filter>ImGui</Filter>
    </ClInclude>
    <ClInclude Include="ImGui\imgui_impl_dx9.h">
      <Filter>ImGui</Filter>
    </ClInclude>
    <ClInclude Include="ImGui\imgui_impl_win32.h">
      <Filter>ImGui</Filter>
    </ClInclude>
    <ClInclude Include="ImGui\imgui_internal.h">
      <Filter>ImGui</Filter>
    </ClInclude>
    <ClInclude Include="ImGui\imstb_rectpack.h">
      <Filter>ImGui</Filter>
    </ClInclude>
    <ClInclude Include="ImGui\imstb_textedit.h">
      <Filter>ImGui</Filter>
    </ClInclude>
    <ClInclude Include="ImGui\imstb_truetype.h">
      <Filter>ImGui</Filter>
    </ClInclude>
  </ItemGroup>
  <ItemGroup>
    <Font Include="font\Roboto-Medium.ttf">
      <Filter>font</Filter>
    </Font>
  </ItemGroup>
</Project>